
Microsoft Visual Studio Solution File, Format Version 12.00
# Visual Studio Version 16
VisualStudioVersion = 16.0.31205.134
MinimumVisualStudioVersion = 10.0.40219.1
Project("{FAE04EC0-301F-11D3-BF4B-00C04F79EFBC}") = "LearningCSharp", "LearningCSharp\LearningCSharp.csproj", "{9F1BE42D-0751-45E2-B6BC-83C4B935477B}"
EndProject
Global
	GlobalSection(SolutionConfigurationPlatforms) = preSolution
		Debug|Any CPU = Debug|Any CPU
		Release|Any CPU = Release|Any CPU
	EndGlobalSection
	GlobalSection(ProjectConfigurationPlatforms) = postSolution
		{9F1BE42D-0751-45E2-B6BC-83C4B935477B}.Debug|Any CPU.ActiveCfg = Debug|Any CPU
		{9F1BE42D-0751-45E2-B6BC-83C4B935477B}.Debug|Any CPU.Build.0 = Debug|Any CPU
		{9F1BE42D-0751-45E2-B6BC-83C4B935477B}.Release|Any CPU.ActiveCfg = Release|Any CPU
		{9F1BE42D-0751-45E2-B6BC-83C4B935477B}.Release|Any CPU.Build.0 = Release|Any CPU
	EndGlobalSection
	GlobalSection(SolutionProperties) = preSolution
		HideSolutionNode = FALSE
	EndGlobalSection
	GlobalSection(ExtensibilityGlobals) = postSolution
		SolutionGuid = {C196B904-A88B-4334-9174-C9824B42CE82}
	EndGlobalSection
EndGlobal
